
Microsoft Visual Studio Solution File, Format Version 12.00
# Visual Studio Version 17
VisualStudioVersion = 17.12.35527.113 d17.12
MinimumVisualStudioVersion = 10.0.40219.1
Project("{FAE04EC0-301F-11D3-BF4B-00C04F79EFBC}") = "Temperature_Sensior", "Temperature_Sensior.csproj", "{BFE055E2-49E3-4EFE-8587-D9C2F5104999}"
EndProject
Global
	GlobalSection(SolutionConfigurationPlatforms) = preSolution
		Debug|Any CPU = Debug|Any CPU
		Release|Any CPU = Release|Any CPU
	EndGlobalSection
	GlobalSection(ProjectConfigurationPlatforms) = postSolution
		{BFE055E2-49E3-4EFE-8587-D9C2F5104999}.Debug|Any CPU.ActiveCfg = Debug|Any CPU
		{BFE055E2-49E3-4EFE-8587-D9C2F5104999}.Debug|Any CPU.Build.0 = Debug|Any CPU
		{BFE055E2-49E3-4EFE-8587-D9C2F5104999}.Release|Any CPU.ActiveCfg = Release|Any CPU
		{BFE055E2-49E3-4EFE-8587-D9C2F5104999}.Release|Any CPU.Build.0 = Release|Any CPU
	EndGlobalSection
	GlobalSection(SolutionProperties) = preSolution
		HideSolutionNode = FALSE
	EndGlobalSection
EndGlobal
